
Microsoft Visual Studio Solution File, Format Version 12.00
# Visual Studio Version 17
VisualStudioVersion = 17.5.002.0
MinimumVisualStudioVersion = 10.0.40219.1
Project("{9A19103F-16F7-4668-BE54-9A1E7A4F7556}") = "GoodsManagement", "GoodsManagement\GoodsManagement.csproj", "{DC7E3B65-6180-4AB0-A119-A5C25784586D}"
EndProject
Project("{9A19103F-16F7-4668-BE54-9A1E7A4F7556}") = "ConsoleApp", "ConsoleApp\ConsoleApp.csproj", "{FA02F356-1781-4BDA-8B15-C5F6B7B51002}"
EndProject
Global
	GlobalSection(SolutionConfigurationPlatforms) = preSolution
		Debug|Any CPU = Debug|Any CPU
		Release|Any CPU = Release|Any CPU
	EndGlobalSection
	GlobalSection(ProjectConfigurationPlatforms) = postSolution
		{DC7E3B65-6180-4AB0-A119-A5C25784586D}.Debug|Any CPU.ActiveCfg = Debug|Any CPU
		{DC7E3B65-6180-4AB0-A119-A5C25784586D}.Debug|Any CPU.Build.0 = Debug|Any CPU
		{DC7E3B65-6180-4AB0-A119-A5C25784586D}.Release|Any CPU.ActiveCfg = Release|Any CPU
		{DC7E3B65-6180-4AB0-A119-A5C25784586D}.Release|Any CPU.Build.0 = Release|Any CPU
		{FA02F356-1781-4BDA-8B15-C5F6B7B51002}.Debug|Any CPU.ActiveCfg = Debug|Any CPU
		{FA02F356-1781-4BDA-8B15-C5F6B7B51002}.Debug|Any CPU.Build.0 = Debug|Any CPU
		{FA02F356-1781-4BDA-8B15-C5F6B7B51002}.Release|Any CPU.ActiveCfg = Release|Any CPU
		{FA02F356-1781-4BDA-8B15-C5F6B7B51002}.Release|Any CPU.Build.0 = Release|Any CPU
	EndGlobalSection
	GlobalSection(SolutionProperties) = preSolution
		HideSolutionNode = FALSE
	EndGlobalSection
	GlobalSection(ExtensibilityGlobals) = postSolution
		SolutionGuid = {9FDF6BA7-B856-4741-9098-58EABD31E556}
	EndGlobalSection
EndGlobal
